
Microsoft Visual Studio Solution File, Format Version 12.00
# Visual Studio Version 17
VisualStudioVersion = 17.6.33815.320
MinimumVisualStudioVersion = 10.0.40219.1
Project("{FAE04EC0-301F-11D3-BF4B-00C04F79EFBC}") = "DotnetProject", "DotnetProject\DotnetProject.csproj", "{7141C01C-8BC6-4BC5-B523-80CA514169DA}"
EndProject
Global
	GlobalSection(SolutionConfigurationPlatforms) = preSolution
		Debug|Any CPU = Debug|Any CPU
		Release|Any CPU = Release|Any CPU
	EndGlobalSection
	GlobalSection(ProjectConfigurationPlatforms) = postSolution
		{7141C01C-8BC6-4BC5-B523-80CA514169DA}.Debug|Any CPU.ActiveCfg = Debug|Any CPU
		{7141C01C-8BC6-4BC5-B523-80CA514169DA}.Debug|Any CPU.Build.0 = Debug|Any CPU
		{7141C01C-8BC6-4BC5-B523-80CA514169DA}.Release|Any CPU.ActiveCfg = Release|Any CPU
		{7141C01C-8BC6-4BC5-B523-80CA514169DA}.Release|Any CPU.Build.0 = Release|Any CPU
	EndGlobalSection
	GlobalSection(SolutionProperties) = preSolution
		HideSolutionNode = FALSE
	EndGlobalSection
	GlobalSection(ExtensibilityGlobals) = postSolution
		SolutionGuid = {0212239B-F000-41BC-8505-D52E29616195}
	EndGlobalSection
EndGlobal
